
Microsoft Visual Studio Solution File, Format Version 12.00
# Visual Studio Version 17
VisualStudioVersion = 17.0.32014.148
MinimumVisualStudioVersion = 10.0.40219.1
Project("{9A19103F-16F7-4668-BE54-9A1E7A4F7556}") = "Formular1.Server", "Server\Formular1.Server.csproj", "{B0A24F65-E115-42E1-8662-FF0B91A38DB7}"
EndProject
Project("{9A19103F-16F7-4668-BE54-9A1E7A4F7556}") = "Formular1.Client", "Client\Formular1.Client.csproj", "{3D6DD55C-93DA-41AF-A4B8-FCB1D5858456}"
EndProject
Project("{9A19103F-16F7-4668-BE54-9A1E7A4F7556}") = "Formular1.Shared", "Shared\Formular1.Shared.csproj", "{A4EC5F37-B627-4AC7-88C1-FD1C5062B46C}"
EndProject
Global
	GlobalSection(SolutionConfigurationPlatforms) = preSolution
		Debug|Any CPU = Debug|Any CPU
		Release|Any CPU = Release|Any CPU
	EndGlobalSection
	GlobalSection(ProjectConfigurationPlatforms) = postSolution
		{B0A24F65-E115-42E1-8662-FF0B91A38DB7}.Debug|Any CPU.ActiveCfg = Debug|Any CPU
		{B0A24F65-E115-42E1-8662-FF0B91A38DB7}.Debug|Any CPU.Build.0 = Debug|Any CPU
		{B0A24F65-E115-42E1-8662-FF0B91A38DB7}.Release|Any CPU.ActiveCfg = Release|Any CPU
		{B0A24F65-E115-42E1-8662-FF0B91A38DB7}.Release|Any CPU.Build.0 = Release|Any CPU
		{3D6DD55C-93DA-41AF-A4B8-FCB1D5858456}.Debug|Any CPU.ActiveCfg = Debug|Any CPU
		{3D6DD55C-93DA-41AF-A4B8-FCB1D5858456}.Debug|Any CPU.Build.0 = Debug|Any CPU
		{3D6DD55C-93DA-41AF-A4B8-FCB1D5858456}.Release|Any CPU.ActiveCfg = Release|Any CPU
		{3D6DD55C-93DA-41AF-A4B8-FCB1D5858456}.Release|Any CPU.Build.0 = Release|Any CPU
		{A4EC5F37-B627-4AC7-88C1-FD1C5062B46C}.Debug|Any CPU.ActiveCfg = Debug|Any CPU
		{A4EC5F37-B627-4AC7-88C1-FD1C5062B46C}.Debug|Any CPU.Build.0 = Debug|Any CPU
		{A4EC5F37-B627-4AC7-88C1-FD1C5062B46C}.Release|Any CPU.ActiveCfg = Release|Any CPU
		{A4EC5F37-B627-4AC7-88C1-FD1C5062B46C}.Release|Any CPU.Build.0 = Release|Any CPU
	EndGlobalSection
	GlobalSection(SolutionProperties) = preSolution
		HideSolutionNode = FALSE
	EndGlobalSection
	GlobalSection(ExtensibilityGlobals) = postSolution
		SolutionGuid = {40871481-0729-44B4-80D5-D11A160CBFDA}
	EndGlobalSection
EndGlobal
